
Microsoft Visual Studio Solution File, Format Version 12.00
# Visual Studio 15
VisualStudioVersion = 15.0.26730.12
MinimumVisualStudioVersion = 10.0.40219.1
Project("{FAE04EC0-301F-11D3-BF4B-00C04F79EFBC}") = "Lab2", "Lab2\Lab2.csproj", "{DB417A53-BE35-42A5-8149-E76AF9F442CB}"
EndProject
Global
	GlobalSection(SolutionConfigurationPlatforms) = preSolution
		Debug|Any CPU = Debug|Any CPU
		Release|Any CPU = Release|Any CPU
	EndGlobalSection
	GlobalSection(ProjectConfigurationPlatforms) = postSolution
		{DB417A53-BE35-42A5-8149-E76AF9F442CB}.Debug|Any CPU.ActiveCfg = Debug|Any CPU
		{DB417A53-BE35-42A5-8149-E76AF9F442CB}.Debug|Any CPU.Build.0 = Debug|Any CPU
		{DB417A53-BE35-42A5-8149-E76AF9F442CB}.Release|Any CPU.ActiveCfg = Release|Any CPU
		{DB417A53-BE35-42A5-8149-E76AF9F442CB}.Release|Any CPU.Build.0 = Release|Any CPU
	EndGlobalSection
	GlobalSection(SolutionProperties) = preSolution
		HideSolutionNode = FALSE
	EndGlobalSection
	GlobalSection(ExtensibilityGlobals) = postSolution
		SolutionGuid = {2410C527-D0E5-42A5-9EC5-9B58F8619BA7}
	EndGlobalSection
EndGlobal
